
Microsoft Visual Studio Solution File, Format Version 12.00
# Visual Studio 14
VisualStudioVersion = 14.0.25420.1
MinimumVisualStudioVersion = 10.0.40219.1
Project("{D2ABAB84-BF74-430A-B69E-9DC6D40DDA17}") = "Analytics", "Analytics.dwproj", "{BC0549C5-D7B6-42D8-A93F-D1D558F855BE}"
EndProject
Global
	GlobalSection(SolutionConfigurationPlatforms) = preSolution
		Development|Default = Development|Default
	EndGlobalSection
	GlobalSection(ProjectConfigurationPlatforms) = postSolution
		{BC0549C5-D7B6-42D8-A93F-D1D558F855BE}.Development|Default.ActiveCfg = Development
		{BC0549C5-D7B6-42D8-A93F-D1D558F855BE}.Development|Default.Build.0 = Development
		{BC0549C5-D7B6-42D8-A93F-D1D558F855BE}.Development|Default.Deploy.0 = Development
	EndGlobalSection
	GlobalSection(SolutionProperties) = preSolution
		HideSolutionNode = FALSE
	EndGlobalSection
EndGlobal
